
Microsoft Visual Studio Solution File, Format Version 12.00
# Visual Studio Version 17
VisualStudioVersion = 17.9.34701.34
MinimumVisualStudioVersion = 10.0.40219.1
Project("{FAE04EC0-301F-11D3-BF4B-00C04F79EFBC}") = "github_pipeline_testprojekt", "github_pipeline_testprojekt\github_pipeline_testprojekt.csproj", "{AD2AC7C6-B7E1-499C-9A87-518DA359A822}"
EndProject
Global
	GlobalSection(SolutionConfigurationPlatforms) = preSolution
		Debug|Any CPU = Debug|Any CPU
		Release|Any CPU = Release|Any CPU
	EndGlobalSection
	GlobalSection(ProjectConfigurationPlatforms) = postSolution
		{AD2AC7C6-B7E1-499C-9A87-518DA359A822}.Debug|Any CPU.ActiveCfg = Debug|Any CPU
		{AD2AC7C6-B7E1-499C-9A87-518DA359A822}.Debug|Any CPU.Build.0 = Debug|Any CPU
		{AD2AC7C6-B7E1-499C-9A87-518DA359A822}.Release|Any CPU.ActiveCfg = Release|Any CPU
		{AD2AC7C6-B7E1-499C-9A87-518DA359A822}.Release|Any CPU.Build.0 = Release|Any CPU
	EndGlobalSection
	GlobalSection(SolutionProperties) = preSolution
		HideSolutionNode = FALSE
	EndGlobalSection
	GlobalSection(ExtensibilityGlobals) = postSolution
		SolutionGuid = {0BC358FB-026A-4110-ADF9-F01E7B47FD26}
	EndGlobalSection
EndGlobal
